// !$*UTF8*$!
{
	archiveVersion = 1;
	classes = {
	};
	objectVersion = 46;
	objects = {

/* Begin PBXBuildFile section */
		94FD4737152BAC3C00A916AD /* UIKit.framework in Frameworks */ = {isa = PBXBuildFile; fileRef = 94FD4736152BAC3C00A916AD /* UIKit.framework */; };
		94FD4739152BAC3C00A916AD /* Foundation.framework in Frameworks */ = {isa = PBXBuildFile; fileRef = 94FD4738152BAC3C00A916AD /* Foundation.framework */; };
		94FD473B152BAC3C00A916AD /* CoreGraphics.framework in Frameworks */ = {isa = PBXBuildFile; fileRef = 94FD473A152BAC3C00A916AD /* CoreGraphics.framework */; };
		94FD4741152BAC3D00A916AD /* InfoPlist.strings in Resources */ = {isa = PBXBuildFile; fileRef = 94FD473F152BAC3D00A916AD /* InfoPlist.strings */; };
		94FD4743152BAC3D00A916AD /* main.m in Sources */ = {isa = PBXBuildFile; fileRef = 94FD4742152BAC3D00A916AD /* main.m */; };
		94FD4747152BAC3D00A916AD /* JHAppDelegate.m in Sources */ = {isa = PBXBuildFile; fileRef = 94FD4746152BAC3D00A916AD /* JHAppDelegate.m */; };
		94FD474A152BAC3D00A916AD /* JHViewController.m in Sources */ = {isa = PBXBuildFile; fileRef = 94FD4749152BAC3D00A916AD /* JHViewController.m */; };
		94FD474D152BAC3D00A916AD /* JHViewController_iPhone.xib in Resources */ = {isa = PBXBuildFile; fileRef = 94FD474B152BAC3D00A916AD /* JHViewController_iPhone.xib */; };
		94FD4750152BAC3D00A916AD /* JHViewController_iPad.xib in Resources */ = {isa = PBXBuildFile; fileRef = 94FD474E152BAC3D00A916AD /* JHViewController_iPad.xib */; };
		94FD4758152BACEE00A916AD /* JHPopOverView.m in Sources */ = {isa = PBXBuildFile; fileRef = 94FD4757152BACEE00A916AD /* JHPopOverView.m */; };
/* End PBXBuildFile section */

/* Begin PBXFileReference section */
		94FD4732152BAC3C00A916AD /* JHPopOverView.app */ = {isa = PBXFileReference; explicitFileType = wrapper.application; includeInIndex = 0; path = JHPopOverView.app; sourceTree = BUILT_PRODUCTS_DIR; };
		94FD4736152BAC3C00A916AD /* UIKit.framework */ = {isa = PBXFileReference; lastKnownFileType = wrapper.framework; name = UIKit.framework; path = System/Library/Frameworks/UIKit.framework; sourceTree = SDKROOT; };
		94FD4738152BAC3C00A916AD /* Foundation.framework */ = {isa = PBXFileReference; lastKnownFileType = wrapper.framework; name = Foundation.framework; path = System/Library/Frameworks/Foundation.framework; sourceTree = SDKROOT; };
		94FD473A152BAC3C00A916AD /* CoreGraphics.framework */ = {isa = PBXFileReference; lastKnownFileType = wrapper.framework; name = CoreGraphics.framework; path = System/Library/Frameworks/CoreGraphics.framework; sourceTree = SDKROOT; };
		94FD473E152BAC3D00A916AD /* JHPopOverView-Info.plist */ = {isa = PBXFileReference; lastKnownFileType = text.plist.xml; path = "JHPopOverView-Info.plist"; sourceTree = "<group>"; };
		94FD4740152BAC3D00A916AD /* en */ = {isa = PBXFileReference; lastKnownFileType = text.plist.strings; name = en; path = en.lproj/InfoPlist.strings; sourceTree = "<group>"; };
		94FD4742152BAC3D00A916AD /* main.m */ = {isa = PBXFileReference; lastKnownFileType = sourcecode.c.objc; path = main.m; sourceTree = "<group>"; };
		94FD4744152BAC3D00A916AD /* JHPopOverView-Prefix.pch */ = {isa = PBXFileReference; lastKnownFileType = sourcecode.c.h; path = "JHPopOverView-Prefix.pch"; sourceTree = "<group>"; };
		94FD4745152BAC3D00A916AD /* JHAppDelegate.h */ = {isa = PBXFileReference; lastKnownFileType = sourcecode.c.h; path = JHAppDelegate.h; sourceTree = "<group>"; };
		94FD4746152BAC3D00A916AD /* JHAppDelegate.m */ = {isa = PBXFileReference; lastKnownFileType = sourcecode.c.objc; path = JHAppDelegate.m; sourceTree = "<group>"; };
		94FD4748152BAC3D00A916AD /* JHViewController.h */ = {isa = PBXFileReference; lastKnownFileType = sourcecode.c.h; path = JHViewController.h; sourceTree = "<group>"; };
		94FD4749152BAC3D00A916AD /* JHViewController.m */ = {isa = PBXFileReference; lastKnownFileType = sourcecode.c.objc; path = JHViewController.m; sourceTree = "<group>"; };
		94FD474C152BAC3D00A916AD /* en */ = {isa = PBXFileReference; lastKnownFileType = file.xib; name = en; path = en.lproj/JHViewController_iPhone.xib; sourceTree = "<group>"; };
		94FD474F152BAC3D00A916AD /* en */ = {isa = PBXFileReference; lastKnownFileType = file.xib; name = en; path = en.lproj/JHViewController_iPad.xib; sourceTree = "<group>"; };
		94FD4756152BACEE00A916AD /* JHPopOverView.h */ = {isa = PBXFileReference; fileEncoding = 4; lastKnownFileType = sourcecode.c.h; path = JHPopOverView.h; sourceTree = "<group>"; };
		94FD4757152BACEE00A916AD /* JHPopOverView.m */ = {isa = PBXFileReference; fileEncoding = 4; lastKnownFileType = sourcecode.c.objc; path = JHPopOverView.m; sourceTree = "<group>"; };
/* End PBXFileReference section */

/* Begin PBXFrameworksBuildPhase section */
		94FD472F152BAC3C00A916AD /* Frameworks */ = {
			isa = PBXFrameworksBuildPhase;
			buildActionMask = 2147483647;
			files = (
				94FD4737152BAC3C00A916AD /* UIKit.framework in Frameworks */,
				94FD4739152BAC3C00A916AD /* Foundation.framework in Frameworks */,
				94FD473B152BAC3C00A916AD /* CoreGraphics.framework in Frameworks */,
			);
			runOnlyForDeploymentPostprocessing = 0;
		};
/* End PBXFrameworksBuildPhase section */

/* Begin PBXGroup section */
		94FD4727152BAC3C00A916AD = {
			isa = PBXGroup;
			children = (
				94FD473C152BAC3C00A916AD /* JHPopOverView */,
				94FD4735152BAC3C00A916AD /* Frameworks */,
				94FD4733152BAC3C00A916AD /* Products */,
			);
			sourceTree = "<group>";
		};
		94FD4733152BAC3C00A916AD /* Products */ = {
			isa = PBXGroup;
			children = (
				94FD4732152BAC3C00A916AD /* JHPopOverView.app */,
			);
			name = Products;
			sourceTree = "<group>";
		};
		94FD4735152BAC3C00A916AD /* Frameworks */ = {
			isa = PBXGroup;
			children = (
				94FD4736152BAC3C00A916AD /* UIKit.framework */,
				94FD4738152BAC3C00A916AD /* Foundation.framework */,
				94FD473A152BAC3C00A916AD /* CoreGraphics.framework */,
			);
			name = Frameworks;
			sourceTree = "<group>";
		};
		94FD473C152BAC3C00A916AD /* JHPopOverView */ = {
			isa = PBXGroup;
			children = (
				94FD4745152BAC3D00A916AD /* JHAppDelegate.h */,
				94FD4746152BAC3D00A916AD /* JHAppDelegate.m */,
				94FD4748152BAC3D00A916AD /* JHViewController.h */,
				94FD4749152BAC3D00A916AD /* JHViewController.m */,
				94FD474B152BAC3D00A916AD /* JHViewController_iPhone.xib */,
				94FD474E152BAC3D00A916AD /* JHViewController_iPad.xib */,
				94FD473D152BAC3D00A916AD /* Supporting Files */,
				94FD4756152BACEE00A916AD /* JHPopOverView.h */,
				94FD4757152BACEE00A916AD /* JHPopOverView.m */,
			);
			path = JHPopOverView;
			sourceTree = "<group>";
		};
		94FD473D152BAC3D00A916AD /* Supporting Files */ = {
			isa = PBXGroup;
			children = (
				94FD473E152BAC3D00A916AD /* JHPopOverView-Info.plist */,
				94FD473F152BAC3D00A916AD /* InfoPlist.strings */,
				94FD4742152BAC3D00A916AD /* main.m */,
				94FD4744152BAC3D00A916AD /* JHPopOverView-Prefix.pch */,
			);
			name = "Supporting Files";
			sourceTree = "<group>";
		};
/* End PBXGroup section */

/* Begin PBXNativeTarget section */
		94FD4731152BAC3C00A916AD /* JHPopOverView */ = {
			isa = PBXNativeTarget;
			buildConfigurationList = 94FD4753152BAC3D00A916AD /* Build configuration list for PBXNativeTarget "JHPopOverView" */;
			buildPhases = (
				94FD472E152BAC3C00A916AD /* Sources */,
				94FD472F152BAC3C00A916AD /* Frameworks */,
				94FD4730152BAC3C00A916AD /* Resources */,
			);
			buildRules = (
			);
			dependencies = (
			);
			name = JHPopOverView;
			productName = JHPopOverView;
			productReference = 94FD4732152BAC3C00A916AD /* JHPopOverView.app */;
			productType = "com.apple.product-type.application";
		};
/* End PBXNativeTarget section */

/* Begin PBXProject section */
		94FD4729152BAC3C00A916AD /* Project object */ = {
			isa = PBXProject;
			attributes = {
				LastUpgradeCheck = 0420;
				ORGANIZATIONNAME = "Jon Hocking";
			};
			buildConfigurationList = 94FD472C152BAC3C00A916AD /* Build configuration list for PBXProject "JHPopOverView" */;
			compatibilityVersion = "Xcode 3.2";
			developmentRegion = English;
			hasScannedForEncodings = 0;
			knownRegions = (
				en,
			);
			mainGroup = 94FD4727152BAC3C00A916AD;
			productRefGroup = 94FD4733152BAC3C00A916AD /* Products */;
			projectDirPath = "";
			projectRoot = "";
			targets = (
				94FD4731152BAC3C00A916AD /* JHPopOverView */,
			);
		};
/* End PBXProject section */

/* Begin PBXResourcesBuildPhase section */
		94FD4730152BAC3C00A916AD /* Resources */ = {
			isa = PBXResourcesBuildPhase;
			buildActionMask = 2147483647;
			files = (
				94FD4741152BAC3D00A916AD /* InfoPlist.strings in Resources */,
				94FD474D152BAC3D00A916AD /* JHViewController_iPhone.xib in Resources */,
				94FD4750152BAC3D00A916AD /* JHViewController_iPad.xib in Resources */,
			);
			runOnlyForDeploymentPostprocessing = 0;
		};
/* End PBXResourcesBuildPhase section */

/* Begin PBXSourcesBuildPhase section */
		94FD472E152BAC3C00A916AD /* Sources */ = {
			isa = PBXSourcesBuildPhase;
			buildActionMask = 2147483647;
			files = (
				94FD4743152BAC3D00A916AD /* main.m in Sources */,
				94FD4747152BAC3D00A916AD /* JHAppDelegate.m in Sources */,
				94FD474A152BAC3D00A916AD /* JHViewController.m in Sources */,
				94FD4758152BACEE00A916AD /* JHPopOverView.m in Sources */,
			);
			runOnlyForDeploymentPostprocessing = 0;
		};
/* End PBXSourcesBuildPhase section */

/* Begin PBXVariantGroup section */
		94FD473F152BAC3D00A916AD /* InfoPlist.strings */ = {
			isa = PBXVariantGroup;
			children = (
				94FD4740152BAC3D00A916AD /* en */,
			);
			name = InfoPlist.strings;
			sourceTree = "<group>";
		};
		94FD474B152BAC3D00A916AD /* JHViewController_iPhone.xib */ = {
			isa = PBXVariantGroup;
			children = (
				94FD474C152BAC3D00A916AD /* en */,
			);
			name = JHViewController_iPhone.xib;
			sourceTree = "<group>";
		};
		94FD474E152BAC3D00A916AD /* JHViewController_iPad.xib */ = {
			isa = PBXVariantGroup;
			children = (
				94FD474F152BAC3D00A916AD /* en */,
			);
			name = JHViewController_iPad.xib;
			sourceTree = "<group>";
		};
/* End PBXVariantGroup section */

/* Begin XCBuildConfiguration section */
		94FD4751152BAC3D00A916AD /* Debug */ = {
			isa = XCBuildConfiguration;
			buildSettings = {
				ALWAYS_SEARCH_USER_PATHS = NO;
				ARCHS = "$(ARCHS_STANDARD_32_BIT)";
				CLANG_ENABLE_OBJC_ARC = YES;
				"CODE_SIGN_IDENTITY[sdk=iphoneos*]" = "iPhone Developer";
				COPY_PHASE_STRIP = NO;
				GCC_C_LANGUAGE_STANDARD = gnu99;
				GCC_DYNAMIC_NO_PIC = NO;
				GCC_OPTIMIZATION_LEVEL = 0;
				GCC_PREPROCESSOR_DEFINITIONS = (
					"DEBUG=1",
					"$(inherited)",
				);
				GCC_SYMBOLS_PRIVATE_EXTERN = NO;
				GCC_VERSION = com.apple.compilers.llvm.clang.1_0;
				GCC_WARN_ABOUT_MISSING_PROTOTYPES = YES;
				GCC_WARN_ABOUT_RETURN_TYPE = YES;
				GCC_WARN_UNUSED_VARIABLE = YES;
				IPHONEOS_DEPLOYMENT_TARGET = 5.0;
				SDKROOT = iphoneos;
				TARGETED_DEVICE_FAMILY = "1,2";
			};
			name = Debug;
		};
		94FD4752152BAC3D00A916AD /* Release */ = {
			isa = XCBuildConfiguration;
			buildSettings = {
				ALWAYS_SEARCH_USER_PATHS = NO;
				ARCHS = "$(ARCHS_STANDARD_32_BIT)";
				CLANG_ENABLE_OBJC_ARC = YES;
				"CODE_SIGN_IDENTITY[sdk=iphoneos*]" = "iPhone Developer";
				COPY_PHASE_STRIP = YES;
				GCC_C_LANGUAGE_STANDARD = gnu99;
				GCC_VERSION = com.apple.compilers.llvm.clang.1_0;
				GCC_WARN_ABOUT_MISSING_PROTOTYPES = YES;
				GCC_WARN_ABOUT_RETURN_TYPE = YES;
				GCC_WARN_UNUSED_VARIABLE = YES;
				IPHONEOS_DEPLOYMENT_TARGET = 5.0;
				OTHER_CFLAGS = "-DNS_BLOCK_ASSERTIONS=1";
				SDKROOT = iphoneos;
				TARGETED_DEVICE_FAMILY = "1,2";
				VALIDATE_PRODUCT = YES;
			};
			name = Release;
		};
		94FD4754152BAC3D00A916AD /* Debug */ = {
			isa = XCBuildConfiguration;
			buildSettings = {
				GCC_PRECOMPILE_PREFIX_HEADER = YES;
				GCC_PREFIX_HEADER = "JHPopOverView/JHPopOverView-Prefix.pch";
				INFOPLIST_FILE = "JHPopOverView/JHPopOverView-Info.plist";
				PRODUCT_NAME = "$(TARGET_NAME)";
				WRAPPER_EXTENSION = app;
			};
			name = Debug;
		};
		94FD4755152BAC3D00A916AD /* Release */ = {
			isa = XCBuildConfiguration;
			buildSettings = {
				GCC_PRECOMPILE_PREFIX_HEADER = YES;
				GCC_PREFIX_HEADER = "JHPopOverView/JHPopOverView-Prefix.pch";
				INFOPLIST_FILE = "JHPopOverView/JHPopOverView-Info.plist";
				PRODUCT_NAME = "$(TARGET_NAME)";
				WRAPPER_EXTENSION = app;
			};
			name = Release;
		};
/* End XCBuildConfiguration section */

/* Begin XCConfigurationList section */
		94FD472C152BAC3C00A916AD /* Build configuration list for PBXProject "JHPopOverView" */ = {
			isa = XCConfigurationList;
			buildConfigurations = (
				94FD4751152BAC3D00A916AD /* Debug */,
				94FD4752152BAC3D00A916AD /* Release */,
			);
			defaultConfigurationIsVisible = 0;
			defaultConfigurationName = Release;
		};
		94FD4753152BAC3D00A916AD /* Build configuration list for PBXNativeTarget "JHPopOverView" */ = {
			isa = XCConfigurationList;
			buildConfigurations = (
				94FD4754152BAC3D00A916AD /* Debug */,
				94FD4755152BAC3D00A916AD /* Release */,
			);
			defaultConfigurationIsVisible = 0;
		};
/* End XCConfigurationList section */
	};
	rootObject = 94FD4729152BAC3C00A916AD /* Project object */;
}
